
Microsoft Visual Studio Solution File, Format Version 12.00
# Visual Studio Version 17
VisualStudioVersion = 17.6.33829.357
MinimumVisualStudioVersion = 10.0.40219.1
Project("{9A19103F-16F7-4668-BE54-9A1E7A4F7556}") = "BlasII.ModdingAPI", "BlasII.ModdingAPI\BlasII.ModdingAPI.csproj", "{DC2D9578-B7DC-43E1-A899-2B4273FF3BB5}"
EndProject
Global
	GlobalSection(SolutionConfigurationPlatforms) = preSolution
		Game1.0|Any CPU = Game1.0|Any CPU
		Game2.0|Any CPU = Game2.0|Any CPU
	EndGlobalSection
	GlobalSection(ProjectConfigurationPlatforms) = postSolution
		{DC2D9578-B7DC-43E1-A899-2B4273FF3BB5}.Game1.0|Any CPU.ActiveCfg = Game1.0|Any CPU
		{DC2D9578-B7DC-43E1-A899-2B4273FF3BB5}.Game1.0|Any CPU.Build.0 = Game1.0|Any CPU
		{DC2D9578-B7DC-43E1-A899-2B4273FF3BB5}.Game2.0|Any CPU.ActiveCfg = Game2.0|Any CPU
		{DC2D9578-B7DC-43E1-A899-2B4273FF3BB5}.Game2.0|Any CPU.Build.0 = Game2.0|Any CPU
	EndGlobalSection
	GlobalSection(SolutionProperties) = preSolution
		HideSolutionNode = FALSE
	EndGlobalSection
	GlobalSection(ExtensibilityGlobals) = postSolution
		SolutionGuid = {2A698327-6CF0-4DC3-AA5E-F76670A6030C}
	EndGlobalSection
EndGlobal
