
Microsoft Visual Studio Solution File, Format Version 12.00
# Visual Studio Version 17
VisualStudioVersion = 17.6.33829.357
MinimumVisualStudioVersion = 10.0.40219.1
Project("{9A19103F-16F7-4668-BE54-9A1E7A4F7556}") = "BlasII.ModdingAPI", "BlasII.ModdingAPI\BlasII.ModdingAPI.csproj", "{256EF9CA-C6B5-4D81-B978-19A445335B52}"
EndProject
Global
	GlobalSection(SolutionConfigurationPlatforms) = preSolution
		Debug|Any CPU = Debug|Any CPU
		Release|Any CPU = Release|Any CPU
	EndGlobalSection
	GlobalSection(ProjectConfigurationPlatforms) = postSolution
		{256EF9CA-C6B5-4D81-B978-19A445335B52}.Debug|Any CPU.ActiveCfg = Debug|Any CPU
		{256EF9CA-C6B5-4D81-B978-19A445335B52}.Debug|Any CPU.Build.0 = Debug|Any CPU
		{256EF9CA-C6B5-4D81-B978-19A445335B52}.Release|Any CPU.ActiveCfg = Release|Any CPU
		{256EF9CA-C6B5-4D81-B978-19A445335B52}.Release|Any CPU.Build.0 = Release|Any CPU
	EndGlobalSection
	GlobalSection(SolutionProperties) = preSolution
		HideSolutionNode = FALSE
	EndGlobalSection
	GlobalSection(ExtensibilityGlobals) = postSolution
		SolutionGuid = {C09A62AE-BC28-416A-8D85-949DECE281E4}
	EndGlobalSection
EndGlobal
